
Microsoft Visual Studio Solution File, Format Version 12.00
# Visual Studio Version 17
VisualStudioVersion = 17.6.33723.286
MinimumVisualStudioVersion = 10.0.40219.1
Project("{FAE04EC0-301F-11D3-BF4B-00C04F79EFBC}") = "GmailAutoSentEmail", "GmailAutoSentEmail.csproj", "{22885BD5-1FC3-4682-9D9E-9CE4A69F0B95}"
EndProject
Global
	GlobalSection(SolutionConfigurationPlatforms) = preSolution
		Debug|Any CPU = Debug|Any CPU
		Release|Any CPU = Release|Any CPU
	EndGlobalSection
	GlobalSection(ProjectConfigurationPlatforms) = postSolution
		{22885BD5-1FC3-4682-9D9E-9CE4A69F0B95}.Debug|Any CPU.ActiveCfg = Debug|Any CPU
		{22885BD5-1FC3-4682-9D9E-9CE4A69F0B95}.Debug|Any CPU.Build.0 = Debug|Any CPU
		{22885BD5-1FC3-4682-9D9E-9CE4A69F0B95}.Release|Any CPU.ActiveCfg = Release|Any CPU
		{22885BD5-1FC3-4682-9D9E-9CE4A69F0B95}.Release|Any CPU.Build.0 = Release|Any CPU
	EndGlobalSection
	GlobalSection(SolutionProperties) = preSolution
		HideSolutionNode = FALSE
	EndGlobalSection
	GlobalSection(ExtensibilityGlobals) = postSolution
		SolutionGuid = {ECF012A4-4C0F-4D52-BAE2-ABB4A6C5AD06}
	EndGlobalSection
EndGlobal
